
Microsoft Visual Studio Solution File, Format Version 12.00
# Visual Studio Version 17
VisualStudioVersion = 17.13.35919.96 d17.13
MinimumVisualStudioVersion = 10.0.40219.1
Project("{8BC9CEB8-8B4A-11D0-8D11-00A0C91BC942}") = "oxclient", "oxclient.vcxproj", "{D0C360CF-CE1B-4A78-83B9-0C221A6789E2}"
EndProject
Global
	GlobalSection(SolutionConfigurationPlatforms) = preSolution
		Debug|x64 = Debug|x64
		Debug|x86 = Debug|x86
		Release|x64 = Release|x64
		Release|x86 = Release|x86
	EndGlobalSection
	GlobalSection(ProjectConfigurationPlatforms) = postSolution
		{D0C360CF-CE1B-4A78-83B9-0C221A6789E2}.Debug|x64.ActiveCfg = Debug|x64
		{D0C360CF-CE1B-4A78-83B9-0C221A6789E2}.Debug|x64.Build.0 = Debug|x64
		{D0C360CF-CE1B-4A78-83B9-0C221A6789E2}.Debug|x86.ActiveCfg = Debug|Win32
		{D0C360CF-CE1B-4A78-83B9-0C221A6789E2}.Debug|x86.Build.0 = Debug|Win32
		{D0C360CF-CE1B-4A78-83B9-0C221A6789E2}.Release|x64.ActiveCfg = Release|x64
		{D0C360CF-CE1B-4A78-83B9-0C221A6789E2}.Release|x64.Build.0 = Release|x64
		{D0C360CF-CE1B-4A78-83B9-0C221A6789E2}.Release|x86.ActiveCfg = Release|Win32
		{D0C360CF-CE1B-4A78-83B9-0C221A6789E2}.Release|x86.Build.0 = Release|Win32
	EndGlobalSection
	GlobalSection(SolutionProperties) = preSolution
		HideSolutionNode = FALSE
	EndGlobalSection
	GlobalSection(ExtensibilityGlobals) = postSolution
		SolutionGuid = {4FC04591-FB42-4786-BA33-402615763B76}
	EndGlobalSection
EndGlobal
